
Microsoft Visual Studio Solution File, Format Version 12.00
# Visual Studio Version 17
VisualStudioVersion = 17.13.35931.197
MinimumVisualStudioVersion = 10.0.40219.1
Project("{2150E333-8FDC-42A3-9474-1A3956D46DE8}") = "Frontend", "Frontend", "{02EA681E-C7D8-13C7-8484-4AC65E1B71E8}"
EndProject
Project("{2150E333-8FDC-42A3-9474-1A3956D46DE8}") = "Gateway", "Gateway", "{09BCFDC8-14C9-4AA7-9712-3B438492DB2C}"
EndProject
Project("{2150E333-8FDC-42A3-9474-1A3956D46DE8}") = "Integration", "Integration", "{5704E687-6DDD-44F8-AD1D-1F5D3710539F}"
EndProject
Project("{2150E333-8FDC-42A3-9474-1A3956D46DE8}") = "Services", "Services", "{8F766740-24F9-4FE9-8B74-C207AB4E8EA0}"
EndProject
Project("{FAE04EC0-301F-11D3-BF4B-00C04F79EFBC}") = "Restaurant.Services.CouponAPI", "Restaurant.Services.CouponAPI\Restaurant.Services.CouponAPI.csproj", "{4B1B60B7-9162-4A6B-97D4-A7B62D639C66}"
EndProject
Project("{FAE04EC0-301F-11D3-BF4B-00C04F79EFBC}") = "Restaurant.Web", "Restaurant.Web\Restaurant.Web.csproj", "{0B45E003-1DAC-4A3A-B71B-F7FAB519F5CD}"
EndProject
Project("{FAE04EC0-301F-11D3-BF4B-00C04F79EFBC}") = "Restaurant.Services.AuthAPI", "Restaurant.Services.AuthAPI\Restaurant.Services.AuthAPI.csproj", "{74770148-CFF5-49FC-B14B-7D9C80CD0459}"
EndProject
Global
	GlobalSection(SolutionConfigurationPlatforms) = preSolution
		Debug|Any CPU = Debug|Any CPU
		Release|Any CPU = Release|Any CPU
	EndGlobalSection
	GlobalSection(ProjectConfigurationPlatforms) = postSolution
		{4B1B60B7-9162-4A6B-97D4-A7B62D639C66}.Debug|Any CPU.ActiveCfg = Debug|Any CPU
		{4B1B60B7-9162-4A6B-97D4-A7B62D639C66}.Debug|Any CPU.Build.0 = Debug|Any CPU
		{4B1B60B7-9162-4A6B-97D4-A7B62D639C66}.Release|Any CPU.ActiveCfg = Release|Any CPU
		{4B1B60B7-9162-4A6B-97D4-A7B62D639C66}.Release|Any CPU.Build.0 = Release|Any CPU
		{0B45E003-1DAC-4A3A-B71B-F7FAB519F5CD}.Debug|Any CPU.ActiveCfg = Debug|Any CPU
		{0B45E003-1DAC-4A3A-B71B-F7FAB519F5CD}.Debug|Any CPU.Build.0 = Debug|Any CPU
		{0B45E003-1DAC-4A3A-B71B-F7FAB519F5CD}.Release|Any CPU.ActiveCfg = Release|Any CPU
		{0B45E003-1DAC-4A3A-B71B-F7FAB519F5CD}.Release|Any CPU.Build.0 = Release|Any CPU
		{74770148-CFF5-49FC-B14B-7D9C80CD0459}.Debug|Any CPU.ActiveCfg = Debug|Any CPU
		{74770148-CFF5-49FC-B14B-7D9C80CD0459}.Debug|Any CPU.Build.0 = Debug|Any CPU
		{74770148-CFF5-49FC-B14B-7D9C80CD0459}.Release|Any CPU.ActiveCfg = Release|Any CPU
		{74770148-CFF5-49FC-B14B-7D9C80CD0459}.Release|Any CPU.Build.0 = Release|Any CPU
	EndGlobalSection
	GlobalSection(SolutionProperties) = preSolution
		HideSolutionNode = FALSE
	EndGlobalSection
	GlobalSection(NestedProjects) = preSolution
		{4B1B60B7-9162-4A6B-97D4-A7B62D639C66} = {8F766740-24F9-4FE9-8B74-C207AB4E8EA0}
		{0B45E003-1DAC-4A3A-B71B-F7FAB519F5CD} = {02EA681E-C7D8-13C7-8484-4AC65E1B71E8}
		{74770148-CFF5-49FC-B14B-7D9C80CD0459} = {8F766740-24F9-4FE9-8B74-C207AB4E8EA0}
	EndGlobalSection
	GlobalSection(ExtensibilityGlobals) = postSolution
		SolutionGuid = {BF599155-C5A7-431B-8BAA-36446E3C617D}
	EndGlobalSection
EndGlobal
